// !$*UTF8*$!
{
	archiveVersion = 1;
	classes = {
	};
	objectVersion = 56;
	objects = {

/* Begin PBXBuildFile section */
		A0005EE529604746004ADD4B /* RMService.swift in Sources */ = {isa = PBXBuildFile; fileRef = A0005EE429604746004ADD4B /* RMService.swift */; };
		A0005EE729604754004ADD4B /* RMRequest.swift in Sources */ = {isa = PBXBuildFile; fileRef = A0005EE629604754004ADD4B /* RMRequest.swift */; };
		A0005EE92960476B004ADD4B /* RMEndpoint.swift in Sources */ = {isa = PBXBuildFile; fileRef = A0005EE82960476B004ADD4B /* RMEndpoint.swift */; };
		A0005EEB2962C5E6004ADD4B /* RMCharacterStatus.swift in Sources */ = {isa = PBXBuildFile; fileRef = A0005EEA2962C5E6004ADD4B /* RMCharacterStatus.swift */; };
		A0005EED2962C732004ADD4B /* RMCharacterGender.swift in Sources */ = {isa = PBXBuildFile; fileRef = A0005EEC2962C732004ADD4B /* RMCharacterGender.swift */; };
		A0005EEF2962C7FB004ADD4B /* RMSingleLocaton.swift in Sources */ = {isa = PBXBuildFile; fileRef = A0005EEE2962C7FB004ADD4B /* RMSingleLocaton.swift */; };
		A0005EF12962C847004ADD4B /* RMOrigin.swift in Sources */ = {isa = PBXBuildFile; fileRef = A0005EF02962C847004ADD4B /* RMOrigin.swift */; };
		A00AFB55296C318C00A616CF /* RMCharacterDetailViewController.swift in Sources */ = {isa = PBXBuildFile; fileRef = A00AFB54296C318C00A616CF /* RMCharacterDetailViewController.swift */; };
		A00AFB57296C321100A616CF /* RMCharacterDetailView.swift in Sources */ = {isa = PBXBuildFile; fileRef = A00AFB56296C321100A616CF /* RMCharacterDetailView.swift */; };
		A00AFB59296C324500A616CF /* RMCharacterDetailViewViewModel.swift in Sources */ = {isa = PBXBuildFile; fileRef = A00AFB58296C324500A616CF /* RMCharacterDetailViewViewModel.swift */; };
		A02B16F5296ED45800E3B298 /* RMFooterLoadingCollectionReusableView.swift in Sources */ = {isa = PBXBuildFile; fileRef = A02B16F4296ED45800E3B298 /* RMFooterLoadingCollectionReusableView.swift */; };
		A02CBE4C29657CDC0044D581 /* RMGetAllCharactersResponse.swift in Sources */ = {isa = PBXBuildFile; fileRef = A02CBE4B29657CDC0044D581 /* RMGetAllCharactersResponse.swift */; };
		A02D8D3B2966C3620058DBC6 /* RMCharacaterListViewViewModel.swift in Sources */ = {isa = PBXBuildFile; fileRef = A02D8D3A2966C3620058DBC6 /* RMCharacaterListViewViewModel.swift */; };
		A02D8D3F2966C45E0058DBC6 /* RMCharacterListView.swift in Sources */ = {isa = PBXBuildFile; fileRef = A02D8D3E2966C45E0058DBC6 /* RMCharacterListView.swift */; };
		A02D8D412966C8580058DBC6 /* Extensions.swift in Sources */ = {isa = PBXBuildFile; fileRef = A02D8D402966C8580058DBC6 /* Extensions.swift */; };
		A03230DD295F2A4600EEC654 /* AppDelegate.swift in Sources */ = {isa = PBXBuildFile; fileRef = A03230DC295F2A4600EEC654 /* AppDelegate.swift */; };
		A03230DF295F2A4600EEC654 /* SceneDelegate.swift in Sources */ = {isa = PBXBuildFile; fileRef = A03230DE295F2A4600EEC654 /* SceneDelegate.swift */; };
		A03230E1295F2A4600EEC654 /* RMTabBarViewController.swift in Sources */ = {isa = PBXBuildFile; fileRef = A03230E0295F2A4600EEC654 /* RMTabBarViewController.swift */; };
		A03230E6295F2A4A00EEC654 /* Assets.xcassets in Resources */ = {isa = PBXBuildFile; fileRef = A03230E5295F2A4A00EEC654 /* Assets.xcassets */; };
		A03230E9295F2A4A00EEC654 /* LaunchScreen.storyboard in Resources */ = {isa = PBXBuildFile; fileRef = A03230E7295F2A4A00EEC654 /* LaunchScreen.storyboard */; };
		A03230F8295F371300EEC654 /* RMLocation.swift in Sources */ = {isa = PBXBuildFile; fileRef = A03230F7295F371300EEC654 /* RMLocation.swift */; };
		A03230FA295F372700EEC654 /* RMCharacter.swift in Sources */ = {isa = PBXBuildFile; fileRef = A03230F9295F372700EEC654 /* RMCharacter.swift */; };
		A03230FC295F374300EEC654 /* RMEpisode.swift in Sources */ = {isa = PBXBuildFile; fileRef = A03230FB295F374300EEC654 /* RMEpisode.swift */; };
		A03230FF295F378A00EEC654 /* RMEpisodeViewController.swift in Sources */ = {isa = PBXBuildFile; fileRef = A03230FE295F378A00EEC654 /* RMEpisodeViewController.swift */; };
		A0323101295F37B800EEC654 /* RMCharacterViewController.swift in Sources */ = {isa = PBXBuildFile; fileRef = A0323100295F37B800EEC654 /* RMCharacterViewController.swift */; };
		A0323103295F381E00EEC654 /* RMLocationViewController.swift in Sources */ = {isa = PBXBuildFile; fileRef = A0323102295F381E00EEC654 /* RMLocationViewController.swift */; };
		A0323105295F384E00EEC654 /* RMSettingsViewController.swift in Sources */ = {isa = PBXBuildFile; fileRef = A0323104295F384E00EEC654 /* RMSettingsViewController.swift */; };
		A0F76C9329696C4600210389 /* RMCharacterCollectionViewCell.swift in Sources */ = {isa = PBXBuildFile; fileRef = A0F76C9229696C4600210389 /* RMCharacterCollectionViewCell.swift */; };
		A0F76C9529696DAA00210389 /* RMCharacterCollectionViewCellViewModel.swift in Sources */ = {isa = PBXBuildFile; fileRef = A0F76C9429696DAA00210389 /* RMCharacterCollectionViewCellViewModel.swift */; };
/* End PBXBuildFile section */

/* Begin PBXFileReference section */
		A0005EE429604746004ADD4B /* RMService.swift */ = {isa = PBXFileReference; lastKnownFileType = sourcecode.swift; path = RMService.swift; sourceTree = "<group>"; };
		A0005EE629604754004ADD4B /* RMRequest.swift */ = {isa = PBXFileReference; lastKnownFileType = sourcecode.swift; path = RMRequest.swift; sourceTree = "<group>"; };
		A0005EE82960476B004ADD4B /* RMEndpoint.swift */ = {isa = PBXFileReference; lastKnownFileType = sourcecode.swift; path = RMEndpoint.swift; sourceTree = "<group>"; };
		A0005EEA2962C5E6004ADD4B /* RMCharacterStatus.swift */ = {isa = PBXFileReference; lastKnownFileType = sourcecode.swift; path = RMCharacterStatus.swift; sourceTree = "<group>"; };
		A0005EEC2962C732004ADD4B /* RMCharacterGender.swift */ = {isa = PBXFileReference; lastKnownFileType = sourcecode.swift; path = RMCharacterGender.swift; sourceTree = "<group>"; };
		A0005EEE2962C7FB004ADD4B /* RMSingleLocaton.swift */ = {isa = PBXFileReference; lastKnownFileType = sourcecode.swift; path = RMSingleLocaton.swift; sourceTree = "<group>"; };
		A0005EF02962C847004ADD4B /* RMOrigin.swift */ = {isa = PBXFileReference; lastKnownFileType = sourcecode.swift; path = RMOrigin.swift; sourceTree = "<group>"; };
		A00AFB54296C318C00A616CF /* RMCharacterDetailViewController.swift */ = {isa = PBXFileReference; lastKnownFileType = sourcecode.swift; path = RMCharacterDetailViewController.swift; sourceTree = "<group>"; };
		A00AFB56296C321100A616CF /* RMCharacterDetailView.swift */ = {isa = PBXFileReference; lastKnownFileType = sourcecode.swift; path = RMCharacterDetailView.swift; sourceTree = "<group>"; };
		A00AFB58296C324500A616CF /* RMCharacterDetailViewViewModel.swift */ = {isa = PBXFileReference; lastKnownFileType = sourcecode.swift; path = RMCharacterDetailViewViewModel.swift; sourceTree = "<group>"; };
		A02B16F4296ED45800E3B298 /* RMFooterLoadingCollectionReusableView.swift */ = {isa = PBXFileReference; lastKnownFileType = sourcecode.swift; path = RMFooterLoadingCollectionReusableView.swift; sourceTree = "<group>"; };
		A02CBE4B29657CDC0044D581 /* RMGetAllCharactersResponse.swift */ = {isa = PBXFileReference; lastKnownFileType = sourcecode.swift; path = RMGetAllCharactersResponse.swift; sourceTree = "<group>"; };
		A02D8D3A2966C3620058DBC6 /* RMCharacaterListViewViewModel.swift */ = {isa = PBXFileReference; lastKnownFileType = sourcecode.swift; path = RMCharacaterListViewViewModel.swift; sourceTree = "<group>"; };
		A02D8D3E2966C45E0058DBC6 /* RMCharacterListView.swift */ = {isa = PBXFileReference; lastKnownFileType = sourcecode.swift; path = RMCharacterListView.swift; sourceTree = "<group>"; };
		A02D8D402966C8580058DBC6 /* Extensions.swift */ = {isa = PBXFileReference; lastKnownFileType = sourcecode.swift; path = Extensions.swift; sourceTree = "<group>"; };
		A03230D9295F2A4600EEC654 /* RickAndMorty.app */ = {isa = PBXFileReference; explicitFileType = wrapper.application; includeInIndex = 0; path = RickAndMorty.app; sourceTree = BUILT_PRODUCTS_DIR; };
		A03230DC295F2A4600EEC654 /* AppDelegate.swift */ = {isa = PBXFileReference; lastKnownFileType = sourcecode.swift; path = AppDelegate.swift; sourceTree = "<group>"; };
		A03230DE295F2A4600EEC654 /* SceneDelegate.swift */ = {isa = PBXFileReference; lastKnownFileType = sourcecode.swift; path = SceneDelegate.swift; sourceTree = "<group>"; };
		A03230E0295F2A4600EEC654 /* RMTabBarViewController.swift */ = {isa = PBXFileReference; lastKnownFileType = sourcecode.swift; path = RMTabBarViewController.swift; sourceTree = "<group>"; };
		A03230E5295F2A4A00EEC654 /* Assets.xcassets */ = {isa = PBXFileReference; lastKnownFileType = folder.assetcatalog; path = Assets.xcassets; sourceTree = "<group>"; };
		A03230E8295F2A4A00EEC654 /* Base */ = {isa = PBXFileReference; lastKnownFileType = file.storyboard; name = Base; path = Base.lproj/LaunchScreen.storyboard; sourceTree = "<group>"; };
		A03230EA295F2A4A00EEC654 /* Info.plist */ = {isa = PBXFileReference; lastKnownFileType = text.plist.xml; path = Info.plist; sourceTree = "<group>"; };
		A03230F7295F371300EEC654 /* RMLocation.swift */ = {isa = PBXFileReference; lastKnownFileType = sourcecode.swift; path = RMLocation.swift; sourceTree = "<group>"; };
		A03230F9295F372700EEC654 /* RMCharacter.swift */ = {isa = PBXFileReference; lastKnownFileType = sourcecode.swift; path = RMCharacter.swift; sourceTree = "<group>"; };
		A03230FB295F374300EEC654 /* RMEpisode.swift */ = {isa = PBXFileReference; lastKnownFileType = sourcecode.swift; path = RMEpisode.swift; sourceTree = "<group>"; };
		A03230FE295F378A00EEC654 /* RMEpisodeViewController.swift */ = {isa = PBXFileReference; lastKnownFileType = sourcecode.swift; path = RMEpisodeViewController.swift; sourceTree = "<group>"; };
		A0323100295F37B800EEC654 /* RMCharacterViewController.swift */ = {isa = PBXFileReference; lastKnownFileType = sourcecode.swift; path = RMCharacterViewController.swift; sourceTree = "<group>"; };
		A0323102295F381E00EEC654 /* RMLocationViewController.swift */ = {isa = PBXFileReference; lastKnownFileType = sourcecode.swift; path = RMLocationViewController.swift; sourceTree = "<group>"; };
		A0323104295F384E00EEC654 /* RMSettingsViewController.swift */ = {isa = PBXFileReference; lastKnownFileType = sourcecode.swift; path = RMSettingsViewController.swift; sourceTree = "<group>"; };
		A0F76C9229696C4600210389 /* RMCharacterCollectionViewCell.swift */ = {isa = PBXFileReference; lastKnownFileType = sourcecode.swift; path = RMCharacterCollectionViewCell.swift; sourceTree = "<group>"; };
		A0F76C9429696DAA00210389 /* RMCharacterCollectionViewCellViewModel.swift */ = {isa = PBXFileReference; lastKnownFileType = sourcecode.swift; path = RMCharacterCollectionViewCellViewModel.swift; sourceTree = "<group>"; };
/* End PBXFileReference section */

/* Begin PBXFrameworksBuildPhase section */
		A03230D6295F2A4600EEC654 /* Frameworks */ = {
			isa = PBXFrameworksBuildPhase;
			buildActionMask = 2147483647;
			files = (
			);
			runOnlyForDeploymentPostprocessing = 0;
		};
/* End PBXFrameworksBuildPhase section */

/* Begin PBXGroup section */
		A00AFB53296C316D00A616CF /* Other */ = {
			isa = PBXGroup;
			children = (
				A00AFB54296C318C00A616CF /* RMCharacterDetailViewController.swift */,
			);
			path = Other;
			sourceTree = "<group>";
		};
		A02CBE4929657CA00044D581 /* DataTypes */ = {
			isa = PBXGroup;
			children = (
				A03230F7295F371300EEC654 /* RMLocation.swift */,
				A03230F9295F372700EEC654 /* RMCharacter.swift */,
				A03230FB295F374300EEC654 /* RMEpisode.swift */,
				A0005EEA2962C5E6004ADD4B /* RMCharacterStatus.swift */,
				A0005EEC2962C732004ADD4B /* RMCharacterGender.swift */,
				A0005EEE2962C7FB004ADD4B /* RMSingleLocaton.swift */,
				A0005EF02962C847004ADD4B /* RMOrigin.swift */,
			);
			path = DataTypes;
			sourceTree = "<group>";
		};
		A02CBE4A29657CAF0044D581 /* APIResponseTypes */ = {
			isa = PBXGroup;
			children = (
				A02CBE4B29657CDC0044D581 /* RMGetAllCharactersResponse.swift */,
			);
			path = APIResponseTypes;
			sourceTree = "<group>";
		};
		A03230D0295F2A4600EEC654 = {
			isa = PBXGroup;
			children = (
				A03230DB295F2A4600EEC654 /* RickAndMorty */,
				A03230DA295F2A4600EEC654 /* Products */,
			);
			sourceTree = "<group>";
		};
		A03230DA295F2A4600EEC654 /* Products */ = {
			isa = PBXGroup;
			children = (
				A03230D9295F2A4600EEC654 /* RickAndMorty.app */,
			);
			name = Products;
			sourceTree = "<group>";
		};
		A03230DB295F2A4600EEC654 /* RickAndMorty */ = {
			isa = PBXGroup;
			children = (
				A03230F6295F350200EEC654 /* Resources */,
				A03230F5295F34F500EEC654 /* Managers */,
				A03230F4295F34EA00EEC654 /* APIClient */,
				A03230F3295F34DC00EEC654 /* ViewModels */,
				A03230F2295F34D500EEC654 /* Views */,
				A03230F1295F34CF00EEC654 /* Models */,
				A03230F0295F34C400EEC654 /* Controllers */,
				A03230EA295F2A4A00EEC654 /* Info.plist */,
			);
			path = RickAndMorty;
			sourceTree = "<group>";
		};
		A03230F0295F34C400EEC654 /* Controllers */ = {
			isa = PBXGroup;
			children = (
				A00AFB53296C316D00A616CF /* Other */,
				A03230FD295F375500EEC654 /* Core */,
			);
			path = Controllers;
			sourceTree = "<group>";
		};
		A03230F1295F34CF00EEC654 /* Models */ = {
			isa = PBXGroup;
			children = (
				A02CBE4A29657CAF0044D581 /* APIResponseTypes */,
				A02CBE4929657CA00044D581 /* DataTypes */,
			);
			path = Models;
			sourceTree = "<group>";
		};
		A03230F2295F34D500EEC654 /* Views */ = {
			isa = PBXGroup;
			children = (
				A02D8D3E2966C45E0058DBC6 /* RMCharacterListView.swift */,
				A0F76C9229696C4600210389 /* RMCharacterCollectionViewCell.swift */,
				A00AFB56296C321100A616CF /* RMCharacterDetailView.swift */,
				A02B16F4296ED45800E3B298 /* RMFooterLoadingCollectionReusableView.swift */,
			);
			path = Views;
			sourceTree = "<group>";
		};
		A03230F3295F34DC00EEC654 /* ViewModels */ = {
			isa = PBXGroup;
			children = (
				A02D8D3A2966C3620058DBC6 /* RMCharacaterListViewViewModel.swift */,
				A0F76C9429696DAA00210389 /* RMCharacterCollectionViewCellViewModel.swift */,
				A00AFB58296C324500A616CF /* RMCharacterDetailViewViewModel.swift */,
			);
			path = ViewModels;
			sourceTree = "<group>";
		};
		A03230F4295F34EA00EEC654 /* APIClient */ = {
			isa = PBXGroup;
			children = (
				A0005EE429604746004ADD4B /* RMService.swift */,
				A0005EE629604754004ADD4B /* RMRequest.swift */,
				A0005EE82960476B004ADD4B /* RMEndpoint.swift */,
			);
			path = APIClient;
			sourceTree = "<group>";
		};
		A03230F5295F34F500EEC654 /* Managers */ = {
			isa = PBXGroup;
			children = (
			);
			path = Managers;
			sourceTree = "<group>";
		};
		A03230F6295F350200EEC654 /* Resources */ = {
			isa = PBXGroup;
			children = (
				A03230DE295F2A4600EEC654 /* SceneDelegate.swift */,
				A03230DC295F2A4600EEC654 /* AppDelegate.swift */,
				A03230E7295F2A4A00EEC654 /* LaunchScreen.storyboard */,
				A03230E5295F2A4A00EEC654 /* Assets.xcassets */,
				A02D8D402966C8580058DBC6 /* Extensions.swift */,
			);
			path = Resources;
			sourceTree = "<group>";
		};
		A03230FD295F375500EEC654 /* Core */ = {
			isa = PBXGroup;
			children = (
				A03230E0295F2A4600EEC654 /* RMTabBarViewController.swift */,
				A03230FE295F378A00EEC654 /* RMEpisodeViewController.swift */,
				A0323100295F37B800EEC654 /* RMCharacterViewController.swift */,
				A0323102295F381E00EEC654 /* RMLocationViewController.swift */,
				A0323104295F384E00EEC654 /* RMSettingsViewController.swift */,
			);
			path = Core;
			sourceTree = "<group>";
		};
/* End PBXGroup section */

/* Begin PBXNativeTarget section */
		A03230D8295F2A4600EEC654 /* RickAndMorty */ = {
			isa = PBXNativeTarget;
			buildConfigurationList = A03230ED295F2A4A00EEC654 /* Build configuration list for PBXNativeTarget "RickAndMorty" */;
			buildPhases = (
				A03230D5295F2A4600EEC654 /* Sources */,
				A03230D6295F2A4600EEC654 /* Frameworks */,
				A03230D7295F2A4600EEC654 /* Resources */,
			);
			buildRules = (
			);
			dependencies = (
			);
			name = RickAndMorty;
			productName = RickAndMorty;
			productReference = A03230D9295F2A4600EEC654 /* RickAndMorty.app */;
			productType = "com.apple.product-type.application";
		};
/* End PBXNativeTarget section */

/* Begin PBXProject section */
		A03230D1295F2A4600EEC654 /* Project object */ = {
			isa = PBXProject;
			attributes = {
				BuildIndependentTargetsInParallel = 1;
				LastSwiftUpdateCheck = 1400;
				LastUpgradeCheck = 1400;
				TargetAttributes = {
					A03230D8295F2A4600EEC654 = {
						CreatedOnToolsVersion = 14.0.1;
					};
				};
			};
			buildConfigurationList = A03230D4295F2A4600EEC654 /* Build configuration list for PBXProject "RickAndMorty" */;
			compatibilityVersion = "Xcode 14.0";
			developmentRegion = en;
			hasScannedForEncodings = 0;
			knownRegions = (
				en,
				Base,
			);
			mainGroup = A03230D0295F2A4600EEC654;
			productRefGroup = A03230DA295F2A4600EEC654 /* Products */;
			projectDirPath = "";
			projectRoot = "";
			targets = (
				A03230D8295F2A4600EEC654 /* RickAndMorty */,
			);
		};
/* End PBXProject section */

/* Begin PBXResourcesBuildPhase section */
		A03230D7295F2A4600EEC654 /* Resources */ = {
			isa = PBXResourcesBuildPhase;
			buildActionMask = 2147483647;
			files = (
				A03230E9295F2A4A00EEC654 /* LaunchScreen.storyboard in Resources */,
				A03230E6295F2A4A00EEC654 /* Assets.xcassets in Resources */,
			);
			runOnlyForDeploymentPostprocessing = 0;
		};
/* End PBXResourcesBuildPhase section */

/* Begin PBXSourcesBuildPhase section */
		A03230D5295F2A4600EEC654 /* Sources */ = {
			isa = PBXSourcesBuildPhase;
			buildActionMask = 2147483647;
			files = (
				A0005EEB2962C5E6004ADD4B /* RMCharacterStatus.swift in Sources */,
				A00AFB59296C324500A616CF /* RMCharacterDetailViewViewModel.swift in Sources */,
				A0005EEF2962C7FB004ADD4B /* RMSingleLocaton.swift in Sources */,
				A02D8D3F2966C45E0058DBC6 /* RMCharacterListView.swift in Sources */,
				A02CBE4C29657CDC0044D581 /* RMGetAllCharactersResponse.swift in Sources */,
				A0323103295F381E00EEC654 /* RMLocationViewController.swift in Sources */,
				A03230FC295F374300EEC654 /* RMEpisode.swift in Sources */,
				A00AFB55296C318C00A616CF /* RMCharacterDetailViewController.swift in Sources */,
				A02B16F5296ED45800E3B298 /* RMFooterLoadingCollectionReusableView.swift in Sources */,
				A0323101295F37B800EEC654 /* RMCharacterViewController.swift in Sources */,
				A0005EE529604746004ADD4B /* RMService.swift in Sources */,
				A03230FF295F378A00EEC654 /* RMEpisodeViewController.swift in Sources */,
				A0F76C9329696C4600210389 /* RMCharacterCollectionViewCell.swift in Sources */,
				A03230E1295F2A4600EEC654 /* RMTabBarViewController.swift in Sources */,
				A03230DD295F2A4600EEC654 /* AppDelegate.swift in Sources */,
				A0323105295F384E00EEC654 /* RMSettingsViewController.swift in Sources */,
				A03230DF295F2A4600EEC654 /* SceneDelegate.swift in Sources */,
				A02D8D412966C8580058DBC6 /* Extensions.swift in Sources */,
				A0005EE92960476B004ADD4B /* RMEndpoint.swift in Sources */,
				A0005EED2962C732004ADD4B /* RMCharacterGender.swift in Sources */,
				A03230F8295F371300EEC654 /* RMLocation.swift in Sources */,
				A02D8D3B2966C3620058DBC6 /* RMCharacaterListViewViewModel.swift in Sources */,
				A0F76C9529696DAA00210389 /* RMCharacterCollectionViewCellViewModel.swift in Sources */,
				A0005EF12962C847004ADD4B /* RMOrigin.swift in Sources */,
				A0005EE729604754004ADD4B /* RMRequest.swift in Sources */,
				A03230FA295F372700EEC654 /* RMCharacter.swift in Sources */,
				A00AFB57296C321100A616CF /* RMCharacterDetailView.swift in Sources */,
			);
			runOnlyForDeploymentPostprocessing = 0;
		};
/* End PBXSourcesBuildPhase section */

/* Begin PBXVariantGroup section */
		A03230E7295F2A4A00EEC654 /* LaunchScreen.storyboard */ = {
			isa = PBXVariantGroup;
			children = (
				A03230E8295F2A4A00EEC654 /* Base */,
			);
			name = LaunchScreen.storyboard;
			sourceTree = "<group>";
		};
/* End PBXVariantGroup section */

/* Begin XCBuildConfiguration section */
		A03230EB295F2A4A00EEC654 /* Debug */ = {
			isa = XCBuildConfiguration;
			buildSettings = {
				ALWAYS_SEARCH_USER_PATHS = NO;
				CLANG_ANALYZER_NONNULL = YES;
				CLANG_ANALYZER_NUMBER_OBJECT_CONVERSION = YES_AGGRESSIVE;
				CLANG_CXX_LANGUAGE_STANDARD = "gnu++20";
				CLANG_ENABLE_MODULES = YES;
				CLANG_ENABLE_OBJC_ARC = YES;
				CLANG_ENABLE_OBJC_WEAK = YES;
				CLANG_WARN_BLOCK_CAPTURE_AUTORELEASING = YES;
				CLANG_WARN_BOOL_CONVERSION = YES;
				CLANG_WARN_COMMA = YES;
				CLANG_WARN_CONSTANT_CONVERSION = YES;
				CLANG_WARN_DEPRECATED_OBJC_IMPLEMENTATIONS = YES;
				CLANG_WARN_DIRECT_OBJC_ISA_USAGE = YES_ERROR;
				CLANG_WARN_DOCUMENTATION_COMMENTS = YES;
				CLANG_WARN_EMPTY_BODY = YES;
				CLANG_WARN_ENUM_CONVERSION = YES;
				CLANG_WARN_INFINITE_RECURSION = YES;
				CLANG_WARN_INT_CONVERSION = YES;
				CLANG_WARN_NON_LITERAL_NULL_CONVERSION = YES;
				CLANG_WARN_OBJC_IMPLICIT_RETAIN_SELF = YES;
				CLANG_WARN_OBJC_LITERAL_CONVERSION = YES;
				CLANG_WARN_OBJC_ROOT_CLASS = YES_ERROR;
				CLANG_WARN_QUOTED_INCLUDE_IN_FRAMEWORK_HEADER = YES;
				CLANG_WARN_RANGE_LOOP_ANALYSIS = YES;
				CLANG_WARN_STRICT_PROTOTYPES = YES;
				CLANG_WARN_SUSPICIOUS_MOVE = YES;
				CLANG_WARN_UNGUARDED_AVAILABILITY = YES_AGGRESSIVE;
				CLANG_WARN_UNREACHABLE_CODE = YES;
				CLANG_WARN__DUPLICATE_METHOD_MATCH = YES;
				COPY_PHASE_STRIP = NO;
				DEBUG_INFORMATION_FORMAT = dwarf;
				ENABLE_STRICT_OBJC_MSGSEND = YES;
				ENABLE_TESTABILITY = YES;
				GCC_C_LANGUAGE_STANDARD = gnu11;
				GCC_DYNAMIC_NO_PIC = NO;
				GCC_NO_COMMON_BLOCKS = YES;
				GCC_OPTIMIZATION_LEVEL = 0;
				GCC_PREPROCESSOR_DEFINITIONS = (
					"DEBUG=1",
					"$(inherited)",
				);
				GCC_WARN_64_TO_32_BIT_CONVERSION = YES;
				GCC_WARN_ABOUT_RETURN_TYPE = YES_ERROR;
				GCC_WARN_UNDECLARED_SELECTOR = YES;
				GCC_WARN_UNINITIALIZED_AUTOS = YES_AGGRESSIVE;
				GCC_WARN_UNUSED_FUNCTION = YES;
				GCC_WARN_UNUSED_VARIABLE = YES;
				IPHONEOS_DEPLOYMENT_TARGET = 16.0;
				MTL_ENABLE_DEBUG_INFO = INCLUDE_SOURCE;
				MTL_FAST_MATH = YES;
				ONLY_ACTIVE_ARCH = YES;
				SDKROOT = iphoneos;
				SWIFT_ACTIVE_COMPILATION_CONDITIONS = DEBUG;
				SWIFT_OPTIMIZATION_LEVEL = "-Onone";
			};
			name = Debug;
		};
		A03230EC295F2A4A00EEC654 /* Release */ = {
			isa = XCBuildConfiguration;
			buildSettings = {
				ALWAYS_SEARCH_USER_PATHS = NO;
				CLANG_ANALYZER_NONNULL = YES;
				CLANG_ANALYZER_NUMBER_OBJECT_CONVERSION = YES_AGGRESSIVE;
				CLANG_CXX_LANGUAGE_STANDARD = "gnu++20";
				CLANG_ENABLE_MODULES = YES;
				CLANG_ENABLE_OBJC_ARC = YES;
				CLANG_ENABLE_OBJC_WEAK = YES;
				CLANG_WARN_BLOCK_CAPTURE_AUTORELEASING = YES;
				CLANG_WARN_BOOL_CONVERSION = YES;
				CLANG_WARN_COMMA = YES;
				CLANG_WARN_CONSTANT_CONVERSION = YES;
				CLANG_WARN_DEPRECATED_OBJC_IMPLEMENTATIONS = YES;
				CLANG_WARN_DIRECT_OBJC_ISA_USAGE = YES_ERROR;
				CLANG_WARN_DOCUMENTATION_COMMENTS = YES;
				CLANG_WARN_EMPTY_BODY = YES;
				CLANG_WARN_ENUM_CONVERSION = YES;
				CLANG_WARN_INFINITE_RECURSION = YES;
				CLANG_WARN_INT_CONVERSION = YES;
				CLANG_WARN_NON_LITERAL_NULL_CONVERSION = YES;
				CLANG_WARN_OBJC_IMPLICIT_RETAIN_SELF = YES;
				CLANG_WARN_OBJC_LITERAL_CONVERSION = YES;
				CLANG_WARN_OBJC_ROOT_CLASS = YES_ERROR;
				CLANG_WARN_QUOTED_INCLUDE_IN_FRAMEWORK_HEADER = YES;
				CLANG_WARN_RANGE_LOOP_ANALYSIS = YES;
				CLANG_WARN_STRICT_PROTOTYPES = YES;
				CLANG_WARN_SUSPICIOUS_MOVE = YES;
				CLANG_WARN_UNGUARDED_AVAILABILITY = YES_AGGRESSIVE;
				CLANG_WARN_UNREACHABLE_CODE = YES;
				CLANG_WARN__DUPLICATE_METHOD_MATCH = YES;
				COPY_PHASE_STRIP = NO;
				DEBUG_INFORMATION_FORMAT = "dwarf-with-dsym";
				ENABLE_NS_ASSERTIONS = NO;
				ENABLE_STRICT_OBJC_MSGSEND = YES;
				GCC_C_LANGUAGE_STANDARD = gnu11;
				GCC_NO_COMMON_BLOCKS = YES;
				GCC_WARN_64_TO_32_BIT_CONVERSION = YES;
				GCC_WARN_ABOUT_RETURN_TYPE = YES_ERROR;
				GCC_WARN_UNDECLARED_SELECTOR = YES;
				GCC_WARN_UNINITIALIZED_AUTOS = YES_AGGRESSIVE;
				GCC_WARN_UNUSED_FUNCTION = YES;
				GCC_WARN_UNUSED_VARIABLE = YES;
				IPHONEOS_DEPLOYMENT_TARGET = 16.0;
				MTL_ENABLE_DEBUG_INFO = NO;
				MTL_FAST_MATH = YES;
				SDKROOT = iphoneos;
				SWIFT_COMPILATION_MODE = wholemodule;
				SWIFT_OPTIMIZATION_LEVEL = "-O";
				VALIDATE_PRODUCT = YES;
			};
			name = Release;
		};
		A03230EE295F2A4A00EEC654 /* Debug */ = {
			isa = XCBuildConfiguration;
			buildSettings = {
				ASSETCATALOG_COMPILER_APPICON_NAME = AppIcon;
				ASSETCATALOG_COMPILER_GLOBAL_ACCENT_COLOR_NAME = AccentColor;
				CODE_SIGN_STYLE = Automatic;
				CURRENT_PROJECT_VERSION = 1;
				GENERATE_INFOPLIST_FILE = YES;
				INFOPLIST_FILE = RickAndMorty/Info.plist;
				INFOPLIST_KEY_UIApplicationSupportsIndirectInputEvents = YES;
				INFOPLIST_KEY_UILaunchStoryboardName = LaunchScreen;
				INFOPLIST_KEY_UISupportedInterfaceOrientations_iPad = "UIInterfaceOrientationPortrait UIInterfaceOrientationPortraitUpsideDown UIInterfaceOrientationLandscapeLeft UIInterfaceOrientationLandscapeRight";
				INFOPLIST_KEY_UISupportedInterfaceOrientations_iPhone = "UIInterfaceOrientationPortrait UIInterfaceOrientationLandscapeLeft UIInterfaceOrientationLandscapeRight";
				LD_RUNPATH_SEARCH_PATHS = (
					"$(inherited)",
					"@executable_path/Frameworks",
				);
				MARKETING_VERSION = 1.0;
				PRODUCT_BUNDLE_IDENTIFIER = com.abkubatt.RickAndMorty;
				PRODUCT_NAME = "$(TARGET_NAME)";
				SWIFT_EMIT_LOC_STRINGS = YES;
				SWIFT_VERSION = 5.0;
				TARGETED_DEVICE_FAMILY = "1,2";
			};
			name = Debug;
		};
		A03230EF295F2A4A00EEC654 /* Release */ = {
			isa = XCBuildConfiguration;
			buildSettings = {
				ASSETCATALOG_COMPILER_APPICON_NAME = AppIcon;
				ASSETCATALOG_COMPILER_GLOBAL_ACCENT_COLOR_NAME = AccentColor;
				CODE_SIGN_STYLE = Automatic;
				CURRENT_PROJECT_VERSION = 1;
				GENERATE_INFOPLIST_FILE = YES;
				INFOPLIST_FILE = RickAndMorty/Info.plist;
				INFOPLIST_KEY_UIApplicationSupportsIndirectInputEvents = YES;
				INFOPLIST_KEY_UILaunchStoryboardName = LaunchScreen;
				INFOPLIST_KEY_UISupportedInterfaceOrientations_iPad = "UIInterfaceOrientationPortrait UIInterfaceOrientationPortraitUpsideDown UIInterfaceOrientationLandscapeLeft UIInterfaceOrientationLandscapeRight";
				INFOPLIST_KEY_UISupportedInterfaceOrientations_iPhone = "UIInterfaceOrientationPortrait UIInterfaceOrientationLandscapeLeft UIInterfaceOrientationLandscapeRight";
				LD_RUNPATH_SEARCH_PATHS = (
					"$(inherited)",
					"@executable_path/Frameworks",
				);
				MARKETING_VERSION = 1.0;
				PRODUCT_BUNDLE_IDENTIFIER = com.abkubatt.RickAndMorty;
				PRODUCT_NAME = "$(TARGET_NAME)";
				SWIFT_EMIT_LOC_STRINGS = YES;
				SWIFT_VERSION = 5.0;
				TARGETED_DEVICE_FAMILY = "1,2";
			};
			name = Release;
		};
/* End XCBuildConfiguration section */

/* Begin XCConfigurationList section */
		A03230D4295F2A4600EEC654 /* Build configuration list for PBXProject "RickAndMorty" */ = {
			isa = XCConfigurationList;
			buildConfigurations = (
				A03230EB295F2A4A00EEC654 /* Debug */,
				A03230EC295F2A4A00EEC654 /* Release */,
			);
			defaultConfigurationIsVisible = 0;
			defaultConfigurationName = Release;
		};
		A03230ED295F2A4A00EEC654 /* Build configuration list for PBXNativeTarget "RickAndMorty" */ = {
			isa = XCConfigurationList;
			buildConfigurations = (
				A03230EE295F2A4A00EEC654 /* Debug */,
				A03230EF295F2A4A00EEC654 /* Release */,
			);
			defaultConfigurationIsVisible = 0;
			defaultConfigurationName = Release;
		};
/* End XCConfigurationList section */
	};
	rootObject = A03230D1295F2A4600EEC654 /* Project object */;
}
